
Microsoft Visual Studio Solution File, Format Version 12.00
# Visual Studio 15
VisualStudioVersion = 15.0.27004.2009
MinimumVisualStudioVersion = 10.0.40219.1
Project("{8BC9CEB8-8B4A-11D0-8D11-00A0C91BC942}") = "6.19", "6.19\6.19.vcxproj", "{110C9587-6252-4A61-BD10-076D9A13A59C}"
EndProject
Global
	GlobalSection(SolutionConfigurationPlatforms) = preSolution
		Debug|x64 = Debug|x64
		Debug|x86 = Debug|x86
		Release|x64 = Release|x64
		Release|x86 = Release|x86
	EndGlobalSection
	GlobalSection(ProjectConfigurationPlatforms) = postSolution
		{110C9587-6252-4A61-BD10-076D9A13A59C}.Debug|x64.ActiveCfg = Debug|x64
		{110C9587-6252-4A61-BD10-076D9A13A59C}.Debug|x64.Build.0 = Debug|x64
		{110C9587-6252-4A61-BD10-076D9A13A59C}.Debug|x86.ActiveCfg = Debug|Win32
		{110C9587-6252-4A61-BD10-076D9A13A59C}.Debug|x86.Build.0 = Debug|Win32
		{110C9587-6252-4A61-BD10-076D9A13A59C}.Release|x64.ActiveCfg = Release|x64
		{110C9587-6252-4A61-BD10-076D9A13A59C}.Release|x64.Build.0 = Release|x64
		{110C9587-6252-4A61-BD10-076D9A13A59C}.Release|x86.ActiveCfg = Release|Win32
		{110C9587-6252-4A61-BD10-076D9A13A59C}.Release|x86.Build.0 = Release|Win32
	EndGlobalSection
	GlobalSection(SolutionProperties) = preSolution
		HideSolutionNode = FALSE
	EndGlobalSection
	GlobalSection(ExtensibilityGlobals) = postSolution
		SolutionGuid = {0D56FB3A-6F59-47F8-8962-6E460F9672DB}
	EndGlobalSection
EndGlobal
